
Microsoft Visual Studio Solution File, Format Version 12.00
# Visual Studio Version 16
VisualStudioVersion = 16.0.29709.97
MinimumVisualStudioVersion = 10.0.40219.1
Project("{FAE04EC0-301F-11D3-BF4B-00C04F79EFBC}") = "Zad5", "Zad5\Zad5.csproj", "{AE4C2C91-B15A-4FCE-8B6D-954FF4AD0E20}"
EndProject
Global
	GlobalSection(SolutionConfigurationPlatforms) = preSolution
		Debug|Any CPU = Debug|Any CPU
		Release|Any CPU = Release|Any CPU
	EndGlobalSection
	GlobalSection(ProjectConfigurationPlatforms) = postSolution
		{AE4C2C91-B15A-4FCE-8B6D-954FF4AD0E20}.Debug|Any CPU.ActiveCfg = Debug|Any CPU
		{AE4C2C91-B15A-4FCE-8B6D-954FF4AD0E20}.Debug|Any CPU.Build.0 = Debug|Any CPU
		{AE4C2C91-B15A-4FCE-8B6D-954FF4AD0E20}.Release|Any CPU.ActiveCfg = Release|Any CPU
		{AE4C2C91-B15A-4FCE-8B6D-954FF4AD0E20}.Release|Any CPU.Build.0 = Release|Any CPU
	EndGlobalSection
	GlobalSection(SolutionProperties) = preSolution
		HideSolutionNode = FALSE
	EndGlobalSection
	GlobalSection(ExtensibilityGlobals) = postSolution
		SolutionGuid = {872BAF02-E5D9-4601-B32F-97A0028052F1}
	EndGlobalSection
EndGlobal
