
Microsoft Visual Studio Solution File, Format Version 12.00
# Visual Studio Version 16
VisualStudioVersion = 16.0.29709.97
MinimumVisualStudioVersion = 10.0.40219.1
Project("{FAE04EC0-301F-11D3-BF4B-00C04F79EFBC}") = "Zad6", "Zad6\Zad6.csproj", "{BF206821-98B9-4271-9682-C8F80A9EFAD4}"
EndProject
Global
	GlobalSection(SolutionConfigurationPlatforms) = preSolution
		Debug|Any CPU = Debug|Any CPU
		Release|Any CPU = Release|Any CPU
	EndGlobalSection
	GlobalSection(ProjectConfigurationPlatforms) = postSolution
		{BF206821-98B9-4271-9682-C8F80A9EFAD4}.Debug|Any CPU.ActiveCfg = Debug|Any CPU
		{BF206821-98B9-4271-9682-C8F80A9EFAD4}.Debug|Any CPU.Build.0 = Debug|Any CPU
		{BF206821-98B9-4271-9682-C8F80A9EFAD4}.Release|Any CPU.ActiveCfg = Release|Any CPU
		{BF206821-98B9-4271-9682-C8F80A9EFAD4}.Release|Any CPU.Build.0 = Release|Any CPU
	EndGlobalSection
	GlobalSection(SolutionProperties) = preSolution
		HideSolutionNode = FALSE
	EndGlobalSection
	GlobalSection(ExtensibilityGlobals) = postSolution
		SolutionGuid = {EAB41CF4-3C20-4879-A64C-B532DDF1599B}
	EndGlobalSection
EndGlobal
